
Microsoft Visual Studio Solution File, Format Version 12.00
# Visual Studio 15
VisualStudioVersion = 15.0.27130.2020
MinimumVisualStudioVersion = 10.0.40219.1
Project("{8BC9CEB8-8B4A-11D0-8D11-00A0C91BC942}") = "CentralControllerLogic", "CentralControllerLogic\CentralControllerLogic.vcxproj", "{A57B52E0-2571-4CBE-9DDA-30BB41C586D2}"
EndProject
Global
	GlobalSection(SolutionConfigurationPlatforms) = preSolution
		Debug|x64 = Debug|x64
		Debug|x86 = Debug|x86
		Release|x64 = Release|x64
		Release|x86 = Release|x86
	EndGlobalSection
	GlobalSection(ProjectConfigurationPlatforms) = postSolution
		{A57B52E0-2571-4CBE-9DDA-30BB41C586D2}.Debug|x64.ActiveCfg = Debug|x64
		{A57B52E0-2571-4CBE-9DDA-30BB41C586D2}.Debug|x64.Build.0 = Debug|x64
		{A57B52E0-2571-4CBE-9DDA-30BB41C586D2}.Debug|x86.ActiveCfg = Debug|Win32
		{A57B52E0-2571-4CBE-9DDA-30BB41C586D2}.Debug|x86.Build.0 = Debug|Win32
		{A57B52E0-2571-4CBE-9DDA-30BB41C586D2}.Release|x64.ActiveCfg = Release|x64
		{A57B52E0-2571-4CBE-9DDA-30BB41C586D2}.Release|x64.Build.0 = Release|x64
		{A57B52E0-2571-4CBE-9DDA-30BB41C586D2}.Release|x86.ActiveCfg = Release|Win32
		{A57B52E0-2571-4CBE-9DDA-30BB41C586D2}.Release|x86.Build.0 = Release|Win32
	EndGlobalSection
	GlobalSection(SolutionProperties) = preSolution
		HideSolutionNode = FALSE
	EndGlobalSection
	GlobalSection(ExtensibilityGlobals) = postSolution
		SolutionGuid = {C869F538-C346-4553-8B66-20DDCF27AD87}
	EndGlobalSection
EndGlobal
